
Microsoft Visual Studio Solution File, Format Version 12.00
# Visual Studio Version 17
VisualStudioVersion = 17.10.34928.147
MinimumVisualStudioVersion = 10.0.40219.1
Project("{FAE04EC0-301F-11D3-BF4B-00C04F79EFBC}") = "Scrabble", "Scrabble\Scrabble.csproj", "{45DC447E-A76C-4757-B920-B3AA156868ED}"
EndProject
Project("{2150E333-8FDC-42A3-9474-1A3956D46DE8}") = "Solution Items", "Solution Items", "{BA72B0DB-5303-45C4-A278-D07E29561299}"
	ProjectSection(SolutionItems) = preProject
		.editorconfig = .editorconfig
	EndProjectSection
EndProject
Global
	GlobalSection(SolutionConfigurationPlatforms) = preSolution
		Debug|Any CPU = Debug|Any CPU
		Release|Any CPU = Release|Any CPU
	EndGlobalSection
	GlobalSection(ProjectConfigurationPlatforms) = postSolution
		{45DC447E-A76C-4757-B920-B3AA156868ED}.Debug|Any CPU.ActiveCfg = Debug|Any CPU
		{45DC447E-A76C-4757-B920-B3AA156868ED}.Debug|Any CPU.Build.0 = Debug|Any CPU
		{45DC447E-A76C-4757-B920-B3AA156868ED}.Release|Any CPU.ActiveCfg = Release|Any CPU
		{45DC447E-A76C-4757-B920-B3AA156868ED}.Release|Any CPU.Build.0 = Release|Any CPU
	EndGlobalSection
	GlobalSection(SolutionProperties) = preSolution
		HideSolutionNode = FALSE
	EndGlobalSection
	GlobalSection(ExtensibilityGlobals) = postSolution
		SolutionGuid = {BBD551A7-EF28-4BA0-9D9C-789C3C804065}
	EndGlobalSection
EndGlobal
